
Microsoft Visual Studio Solution File, Format Version 12.00
# Visual Studio Version 17
VisualStudioVersion = 17.5.33516.290
MinimumVisualStudioVersion = 10.0.40219.1
Project("{FAE04EC0-301F-11D3-BF4B-00C04F79EFBC}") = "disconnectedmimari", "disconnectedmimari\disconnectedmimari.csproj", "{1C823312-6630-4200-BFA0-F852A5AC7793}"
EndProject
Global
	GlobalSection(SolutionConfigurationPlatforms) = preSolution
		Debug|Any CPU = Debug|Any CPU
		Release|Any CPU = Release|Any CPU
	EndGlobalSection
	GlobalSection(ProjectConfigurationPlatforms) = postSolution
		{1C823312-6630-4200-BFA0-F852A5AC7793}.Debug|Any CPU.ActiveCfg = Debug|Any CPU
		{1C823312-6630-4200-BFA0-F852A5AC7793}.Debug|Any CPU.Build.0 = Debug|Any CPU
		{1C823312-6630-4200-BFA0-F852A5AC7793}.Release|Any CPU.ActiveCfg = Release|Any CPU
		{1C823312-6630-4200-BFA0-F852A5AC7793}.Release|Any CPU.Build.0 = Release|Any CPU
	EndGlobalSection
	GlobalSection(SolutionProperties) = preSolution
		HideSolutionNode = FALSE
	EndGlobalSection
	GlobalSection(ExtensibilityGlobals) = postSolution
		SolutionGuid = {E1F99914-E6D3-4B20-8795-314E0A3B3B2D}
	EndGlobalSection
EndGlobal
